
Microsoft Visual Studio Solution File, Format Version 11.00
# Visual Studio 2010
Project("{FAE04EC0-301F-11D3-BF4B-00C04F79EFBC}") = "PhoneIntegration", "PhoneIntegration\PhoneIntegration.csproj", "{97F26846-8E03-46FE-8005-2C53114AA159}"
EndProject
Project("{FAE04EC0-301F-11D3-BF4B-00C04F79EFBC}") = "PhoneIntegration.Tests", "PhoneIntegration.Tests\PhoneIntegration.Tests.csproj", "{F08D9794-829D-4840-A08F-37EB8F56FED9}"
EndProject
Global
	GlobalSection(SolutionConfigurationPlatforms) = preSolution
		Debug|Any CPU = Debug|Any CPU
		Release|Any CPU = Release|Any CPU
	EndGlobalSection
	GlobalSection(ProjectConfigurationPlatforms) = postSolution
		{97F26846-8E03-46FE-8005-2C53114AA159}.Debug|Any CPU.ActiveCfg = Debug|Any CPU
		{97F26846-8E03-46FE-8005-2C53114AA159}.Debug|Any CPU.Build.0 = Debug|Any CPU
		{97F26846-8E03-46FE-8005-2C53114AA159}.Release|Any CPU.ActiveCfg = Release|Any CPU
		{97F26846-8E03-46FE-8005-2C53114AA159}.Release|Any CPU.Build.0 = Release|Any CPU
		{F08D9794-829D-4840-A08F-37EB8F56FED9}.Debug|Any CPU.ActiveCfg = Debug|Any CPU
		{F08D9794-829D-4840-A08F-37EB8F56FED9}.Debug|Any CPU.Build.0 = Debug|Any CPU
		{F08D9794-829D-4840-A08F-37EB8F56FED9}.Release|Any CPU.ActiveCfg = Release|Any CPU
		{F08D9794-829D-4840-A08F-37EB8F56FED9}.Release|Any CPU.Build.0 = Release|Any CPU
	EndGlobalSection
	GlobalSection(SolutionProperties) = preSolution
		HideSolutionNode = FALSE
	EndGlobalSection
EndGlobal
